
Microsoft Visual Studio Solution File, Format Version 12.00
# Visual Studio Version 17
VisualStudioVersion = 17.13.35913.81 d17.13
MinimumVisualStudioVersion = 10.0.40219.1
Project("{FAE04EC0-301F-11D3-BF4B-00C04F79EFBC}") = "BookClub_Data", "BookClub_Data\BookClub_Data.csproj", "{B8E5B75C-39D9-4875-890E-4F893F95FDAA}"
EndProject
Project("{FAE04EC0-301F-11D3-BF4B-00C04F79EFBC}") = "BookClub_DataTests", "BookClub_DataTests\BookClub_DataTests.csproj", "{31C44D68-1E32-4D9D-AF98-CA28D44B1376}"
EndProject
Global
	GlobalSection(SolutionConfigurationPlatforms) = preSolution
		Debug|Any CPU = Debug|Any CPU
		Release|Any CPU = Release|Any CPU
	EndGlobalSection
	GlobalSection(ProjectConfigurationPlatforms) = postSolution
		{B8E5B75C-39D9-4875-890E-4F893F95FDAA}.Debug|Any CPU.ActiveCfg = Debug|Any CPU
		{B8E5B75C-39D9-4875-890E-4F893F95FDAA}.Debug|Any CPU.Build.0 = Debug|Any CPU
		{B8E5B75C-39D9-4875-890E-4F893F95FDAA}.Release|Any CPU.ActiveCfg = Release|Any CPU
		{B8E5B75C-39D9-4875-890E-4F893F95FDAA}.Release|Any CPU.Build.0 = Release|Any CPU
		{31C44D68-1E32-4D9D-AF98-CA28D44B1376}.Debug|Any CPU.ActiveCfg = Debug|Any CPU
		{31C44D68-1E32-4D9D-AF98-CA28D44B1376}.Debug|Any CPU.Build.0 = Debug|Any CPU
		{31C44D68-1E32-4D9D-AF98-CA28D44B1376}.Release|Any CPU.ActiveCfg = Release|Any CPU
		{31C44D68-1E32-4D9D-AF98-CA28D44B1376}.Release|Any CPU.Build.0 = Release|Any CPU
	EndGlobalSection
	GlobalSection(SolutionProperties) = preSolution
		HideSolutionNode = FALSE
	EndGlobalSection
	GlobalSection(ExtensibilityGlobals) = postSolution
		SolutionGuid = {082443A7-A9D4-479B-9C54-EB7380EA1A53}
	EndGlobalSection
EndGlobal
